
Microsoft Visual Studio Solution File, Format Version 12.00
# Visual Studio Version 17
VisualStudioVersion = 17.11.35327.3
MinimumVisualStudioVersion = 10.0.40219.1
Project("{8BC9CEB8-8B4A-11D0-8D11-00A0C91BC942}") = "Chapter 5 Project", "Chapter 5 Project.vcxproj", "{14D80555-70D6-48E3-B219-4C0CED6360EB}"
EndProject
Global
	GlobalSection(SolutionConfigurationPlatforms) = preSolution
		Debug|x64 = Debug|x64
		Debug|x86 = Debug|x86
		Release|x64 = Release|x64
		Release|x86 = Release|x86
	EndGlobalSection
	GlobalSection(ProjectConfigurationPlatforms) = postSolution
		{14D80555-70D6-48E3-B219-4C0CED6360EB}.Debug|x64.ActiveCfg = Debug|x64
		{14D80555-70D6-48E3-B219-4C0CED6360EB}.Debug|x64.Build.0 = Debug|x64
		{14D80555-70D6-48E3-B219-4C0CED6360EB}.Debug|x86.ActiveCfg = Debug|Win32
		{14D80555-70D6-48E3-B219-4C0CED6360EB}.Debug|x86.Build.0 = Debug|Win32
		{14D80555-70D6-48E3-B219-4C0CED6360EB}.Release|x64.ActiveCfg = Release|x64
		{14D80555-70D6-48E3-B219-4C0CED6360EB}.Release|x64.Build.0 = Release|x64
		{14D80555-70D6-48E3-B219-4C0CED6360EB}.Release|x86.ActiveCfg = Release|Win32
		{14D80555-70D6-48E3-B219-4C0CED6360EB}.Release|x86.Build.0 = Release|Win32
	EndGlobalSection
	GlobalSection(SolutionProperties) = preSolution
		HideSolutionNode = FALSE
	EndGlobalSection
	GlobalSection(ExtensibilityGlobals) = postSolution
		SolutionGuid = {5A2D945B-F016-4D94-BCFC-6AEE07E4AE33}
	EndGlobalSection
EndGlobal
